
Microsoft Visual Studio Solution File, Format Version 12.00
# Visual Studio 15
VisualStudioVersion = 15.0.28307.1622
MinimumVisualStudioVersion = 10.0.40219.1
Project("{FAE04EC0-301F-11D3-BF4B-00C04F79EFBC}") = "PilotBase", "PilotBase\PilotBase.csproj", "{7B469B15-FE87-4CA6-9F6A-B3992CD19935}"
EndProject
Project("{FAE04EC0-301F-11D3-BF4B-00C04F79EFBC}") = "Gra RPG", "Gra RPG\Gra RPG.csproj", "{C48A86A1-CFBF-4113-BE49-D2CA58A8B256}"
EndProject
Project("{FAE04EC0-301F-11D3-BF4B-00C04F79EFBC}") = "RentACar", "RentACar\RentACar.csproj", "{A20FA977-D519-4D24-A6FE-9FDD47BBC40B}"
EndProject
Global
	GlobalSection(SolutionConfigurationPlatforms) = preSolution
		Debug|Any CPU = Debug|Any CPU
		Release|Any CPU = Release|Any CPU
	EndGlobalSection
	GlobalSection(ProjectConfigurationPlatforms) = postSolution
		{7B469B15-FE87-4CA6-9F6A-B3992CD19935}.Debug|Any CPU.ActiveCfg = Debug|Any CPU
		{7B469B15-FE87-4CA6-9F6A-B3992CD19935}.Debug|Any CPU.Build.0 = Debug|Any CPU
		{7B469B15-FE87-4CA6-9F6A-B3992CD19935}.Release|Any CPU.ActiveCfg = Release|Any CPU
		{7B469B15-FE87-4CA6-9F6A-B3992CD19935}.Release|Any CPU.Build.0 = Release|Any CPU
		{C48A86A1-CFBF-4113-BE49-D2CA58A8B256}.Debug|Any CPU.ActiveCfg = Debug|Any CPU
		{C48A86A1-CFBF-4113-BE49-D2CA58A8B256}.Debug|Any CPU.Build.0 = Debug|Any CPU
		{C48A86A1-CFBF-4113-BE49-D2CA58A8B256}.Release|Any CPU.ActiveCfg = Release|Any CPU
		{C48A86A1-CFBF-4113-BE49-D2CA58A8B256}.Release|Any CPU.Build.0 = Release|Any CPU
		{A20FA977-D519-4D24-A6FE-9FDD47BBC40B}.Debug|Any CPU.ActiveCfg = Debug|Any CPU
		{A20FA977-D519-4D24-A6FE-9FDD47BBC40B}.Debug|Any CPU.Build.0 = Debug|Any CPU
		{A20FA977-D519-4D24-A6FE-9FDD47BBC40B}.Release|Any CPU.ActiveCfg = Release|Any CPU
		{A20FA977-D519-4D24-A6FE-9FDD47BBC40B}.Release|Any CPU.Build.0 = Release|Any CPU
	EndGlobalSection
	GlobalSection(SolutionProperties) = preSolution
		HideSolutionNode = FALSE
	EndGlobalSection
	GlobalSection(ExtensibilityGlobals) = postSolution
		SolutionGuid = {CCF85B9C-2382-49D0-9ED7-DBB747606DBB}
	EndGlobalSection
EndGlobal
